
Microsoft Visual Studio Solution File, Format Version 12.00
# Visual Studio Version 17
VisualStudioVersion = 17.3.32819.101
MinimumVisualStudioVersion = 10.0.40219.1
Project("{2150E333-8FDC-42A3-9474-1A3956D46DE8}") = "Data", "Data", "{F6B644DA-4E14-4B86-AB97-F4C6D7BF10C7}"
EndProject
Project("{2150E333-8FDC-42A3-9474-1A3956D46DE8}") = "Project", "Project", "{63793439-B346-48BB-826E-528803466FFF}"
EndProject
Project("{2150E333-8FDC-42A3-9474-1A3956D46DE8}") = "Engines", "Engines", "{A1D64F75-A455-4DB9-AFFB-F2200716B065}"
EndProject
Project("{9A19103F-16F7-4668-BE54-9A1E7A4F7556}") = "Dbank.Digisoft.PrediBet.Ussd.Data", "Data\Dbank.Digisoft.PrediBet.Ussd.Data\Dbank.Digisoft.PrediBet.Ussd.Data.csproj", "{18B87A2B-B2F8-42CE-A3AB-51E34DB213BD}"
EndProject
Project("{9A19103F-16F7-4668-BE54-9A1E7A4F7556}") = "Dbank.Digisoft.PrediBet.Ussd.SDK", "Data\Dbank.Digisoft.PrediBet.Ussd.Library\Dbank.Digisoft.PrediBet.Ussd.SDK.csproj", "{CE090068-A6E3-4F18-B108-D076FC9B0D3E}"
EndProject
Project("{9A19103F-16F7-4668-BE54-9A1E7A4F7556}") = "Dbank.Digisoft.PrediBet.Api", "Engines\Dbank.Digisoft.PrediBet.API\Dbank.Digisoft.PrediBet.Api\Dbank.Digisoft.PrediBet.Api.csproj", "{E8306DEA-A2A8-4817-8E0B-B567897D240E}"
EndProject
Project("{9A19103F-16F7-4668-BE54-9A1E7A4F7556}") = "Dbank.Digisoft.PrediBet.Engine.Session", "Engines\Dbank.Digisoft.PrediBet.Ussd.Engine.Session\Dbank.Digisoft.PrediBet.Engine.Session.csproj", "{3E473A00-C4A4-462A-A891-5455B4D3F28C}"
EndProject
Project("{9A19103F-16F7-4668-BE54-9A1E7A4F7556}") = "Dbank.Digisoft.PrediBet.Ussd", "Project\Dbank.Digisoft.PrediBet.Ussd\Dbank.Digisoft.PrediBet.Ussd.csproj", "{8287BBA3-9A76-45BB-B276-D49DA9BFDEFA}"
EndProject
Project("{9A19103F-16F7-4668-BE54-9A1E7A4F7556}") = "Dbank.Digisoft.Church.Ussd", "Project\Dbank.Digisoft.Church.Ussd\Dbank.Digisoft.Church.Ussd.csproj", "{71C4E821-67E8-45A9-980F-83763189916A}"
EndProject
Project("{9A19103F-16F7-4668-BE54-9A1E7A4F7556}") = "Dbank.Digisoft.Database", "Data\Dbank.Digisoft.Database\Dbank.Digisoft.Database.csproj", "{752A5026-34E5-4AE5-9936-F694AD98D60C}"
EndProject
Global
	GlobalSection(SolutionConfigurationPlatforms) = preSolution
		Debug|Any CPU = Debug|Any CPU
		Release|Any CPU = Release|Any CPU
	EndGlobalSection
	GlobalSection(ProjectConfigurationPlatforms) = postSolution
		{18B87A2B-B2F8-42CE-A3AB-51E34DB213BD}.Debug|Any CPU.ActiveCfg = Debug|Any CPU
		{18B87A2B-B2F8-42CE-A3AB-51E34DB213BD}.Debug|Any CPU.Build.0 = Debug|Any CPU
		{18B87A2B-B2F8-42CE-A3AB-51E34DB213BD}.Release|Any CPU.ActiveCfg = Release|Any CPU
		{18B87A2B-B2F8-42CE-A3AB-51E34DB213BD}.Release|Any CPU.Build.0 = Release|Any CPU
		{CE090068-A6E3-4F18-B108-D076FC9B0D3E}.Debug|Any CPU.ActiveCfg = Debug|Any CPU
		{CE090068-A6E3-4F18-B108-D076FC9B0D3E}.Debug|Any CPU.Build.0 = Debug|Any CPU
		{CE090068-A6E3-4F18-B108-D076FC9B0D3E}.Release|Any CPU.ActiveCfg = Release|Any CPU
		{CE090068-A6E3-4F18-B108-D076FC9B0D3E}.Release|Any CPU.Build.0 = Release|Any CPU
		{E8306DEA-A2A8-4817-8E0B-B567897D240E}.Debug|Any CPU.ActiveCfg = Debug|Any CPU
		{E8306DEA-A2A8-4817-8E0B-B567897D240E}.Debug|Any CPU.Build.0 = Debug|Any CPU
		{E8306DEA-A2A8-4817-8E0B-B567897D240E}.Release|Any CPU.ActiveCfg = Release|Any CPU
		{E8306DEA-A2A8-4817-8E0B-B567897D240E}.Release|Any CPU.Build.0 = Release|Any CPU
		{3E473A00-C4A4-462A-A891-5455B4D3F28C}.Debug|Any CPU.ActiveCfg = Debug|Any CPU
		{3E473A00-C4A4-462A-A891-5455B4D3F28C}.Debug|Any CPU.Build.0 = Debug|Any CPU
		{3E473A00-C4A4-462A-A891-5455B4D3F28C}.Release|Any CPU.ActiveCfg = Release|Any CPU
		{3E473A00-C4A4-462A-A891-5455B4D3F28C}.Release|Any CPU.Build.0 = Release|Any CPU
		{8287BBA3-9A76-45BB-B276-D49DA9BFDEFA}.Debug|Any CPU.ActiveCfg = Debug|Any CPU
		{8287BBA3-9A76-45BB-B276-D49DA9BFDEFA}.Debug|Any CPU.Build.0 = Debug|Any CPU
		{8287BBA3-9A76-45BB-B276-D49DA9BFDEFA}.Release|Any CPU.ActiveCfg = Release|Any CPU
		{8287BBA3-9A76-45BB-B276-D49DA9BFDEFA}.Release|Any CPU.Build.0 = Release|Any CPU
		{71C4E821-67E8-45A9-980F-83763189916A}.Debug|Any CPU.ActiveCfg = Debug|Any CPU
		{71C4E821-67E8-45A9-980F-83763189916A}.Debug|Any CPU.Build.0 = Debug|Any CPU
		{71C4E821-67E8-45A9-980F-83763189916A}.Release|Any CPU.ActiveCfg = Release|Any CPU
		{71C4E821-67E8-45A9-980F-83763189916A}.Release|Any CPU.Build.0 = Release|Any CPU
		{752A5026-34E5-4AE5-9936-F694AD98D60C}.Debug|Any CPU.ActiveCfg = Debug|Any CPU
		{752A5026-34E5-4AE5-9936-F694AD98D60C}.Debug|Any CPU.Build.0 = Debug|Any CPU
		{752A5026-34E5-4AE5-9936-F694AD98D60C}.Release|Any CPU.ActiveCfg = Release|Any CPU
		{752A5026-34E5-4AE5-9936-F694AD98D60C}.Release|Any CPU.Build.0 = Release|Any CPU
	EndGlobalSection
	GlobalSection(SolutionProperties) = preSolution
		HideSolutionNode = FALSE
	EndGlobalSection
	GlobalSection(NestedProjects) = preSolution
		{18B87A2B-B2F8-42CE-A3AB-51E34DB213BD} = {F6B644DA-4E14-4B86-AB97-F4C6D7BF10C7}
		{CE090068-A6E3-4F18-B108-D076FC9B0D3E} = {F6B644DA-4E14-4B86-AB97-F4C6D7BF10C7}
		{E8306DEA-A2A8-4817-8E0B-B567897D240E} = {A1D64F75-A455-4DB9-AFFB-F2200716B065}
		{3E473A00-C4A4-462A-A891-5455B4D3F28C} = {A1D64F75-A455-4DB9-AFFB-F2200716B065}
		{8287BBA3-9A76-45BB-B276-D49DA9BFDEFA} = {63793439-B346-48BB-826E-528803466FFF}
		{71C4E821-67E8-45A9-980F-83763189916A} = {63793439-B346-48BB-826E-528803466FFF}
		{752A5026-34E5-4AE5-9936-F694AD98D60C} = {F6B644DA-4E14-4B86-AB97-F4C6D7BF10C7}
	EndGlobalSection
	GlobalSection(ExtensibilityGlobals) = postSolution
		SolutionGuid = {83A87E30-2107-4466-905E-91DCE91E3F37}
	EndGlobalSection
EndGlobal
